
Microsoft Visual Studio Solution File, Format Version 12.00
# Visual Studio Version 17
VisualStudioVersion = 17.10.34928.147
MinimumVisualStudioVersion = 10.0.40219.1
Project("{FAE04EC0-301F-11D3-BF4B-00C04F79EFBC}") = "StudentManagerWeb", "StudentManagerWeb\StudentManagerWeb.csproj", "{57717946-792C-4124-8C41-E1E460663334}"
EndProject
Global
	GlobalSection(SolutionConfigurationPlatforms) = preSolution
		Debug|Any CPU = Debug|Any CPU
		Release|Any CPU = Release|Any CPU
	EndGlobalSection
	GlobalSection(ProjectConfigurationPlatforms) = postSolution
		{57717946-792C-4124-8C41-E1E460663334}.Debug|Any CPU.ActiveCfg = Debug|Any CPU
		{57717946-792C-4124-8C41-E1E460663334}.Debug|Any CPU.Build.0 = Debug|Any CPU
		{57717946-792C-4124-8C41-E1E460663334}.Release|Any CPU.ActiveCfg = Release|Any CPU
		{57717946-792C-4124-8C41-E1E460663334}.Release|Any CPU.Build.0 = Release|Any CPU
	EndGlobalSection
	GlobalSection(SolutionProperties) = preSolution
		HideSolutionNode = FALSE
	EndGlobalSection
	GlobalSection(ExtensibilityGlobals) = postSolution
		SolutionGuid = {AC92E4CB-ECAC-4BEF-BE76-C62CF2903FDD}
	EndGlobalSection
EndGlobal
